
Microsoft Visual Studio Solution File, Format Version 12.00
# Visual Studio Version 17
VisualStudioVersion = 17.11.35303.130
MinimumVisualStudioVersion = 10.0.40219.1
Project("{FAE04EC0-301F-11D3-BF4B-00C04F79EFBC}") = "01_MainSubjects", "01_MainSubjects\01_MainSubjects.csproj", "{5C27BC59-B304-471C-B741-324FBF08FDE4}"
EndProject
Project("{FAE04EC0-301F-11D3-BF4B-00C04F79EFBC}") = "02_Veriables", "02_Veriables\02_Veriables.csproj", "{40DC6DBF-CD9C-4AD2-9226-665A8700F79E}"
EndProject
Project("{FAE04EC0-301F-11D3-BF4B-00C04F79EFBC}") = "03_MakingDecision", "03_MakingDecision\03_MakingDecision.csproj", "{1F2B5F91-F9FA-43AB-93AD-53725208E505}"
EndProject
Project("{FAE04EC0-301F-11D3-BF4B-00C04F79EFBC}") = "04_Loops", "04_Loops\04_Loops.csproj", "{1CA81803-F251-4899-B39F-12B7E9EC6BBA}"
EndProject
Project("{FAE04EC0-301F-11D3-BF4B-00C04F79EFBC}") = "05_LoopsWithStars", "05_LoopsWithStars\05_LoopsWithStars.csproj", "{6EBE6DEB-BBDA-4BDA-8B76-610540EC49AC}"
EndProject
Project("{FAE04EC0-301F-11D3-BF4B-00C04F79EFBC}") = "06_Arrays", "06_Arrays\06_Arrays.csproj", "{B0637011-0D8D-4BEF-B1FB-94ABE1AD5B0F}"
EndProject
Project("{FAE04EC0-301F-11D3-BF4B-00C04F79EFBC}") = "07_ForeachLoop", "07_ForeachLoop\07_ForeachLoop.csproj", "{84913CBD-256F-44C4-A0AB-E1B7478528C9}"
EndProject
Project("{FAE04EC0-301F-11D3-BF4B-00C04F79EFBC}") = "08_Methods", "08_Methods\08_Methods.csproj", "{175B6D97-0640-4FD1-9913-0C7A5A6C0836}"
EndProject
Global
	GlobalSection(SolutionConfigurationPlatforms) = preSolution
		Debug|Any CPU = Debug|Any CPU
		Release|Any CPU = Release|Any CPU
	EndGlobalSection
	GlobalSection(ProjectConfigurationPlatforms) = postSolution
		{5C27BC59-B304-471C-B741-324FBF08FDE4}.Debug|Any CPU.ActiveCfg = Debug|Any CPU
		{5C27BC59-B304-471C-B741-324FBF08FDE4}.Debug|Any CPU.Build.0 = Debug|Any CPU
		{5C27BC59-B304-471C-B741-324FBF08FDE4}.Release|Any CPU.ActiveCfg = Release|Any CPU
		{5C27BC59-B304-471C-B741-324FBF08FDE4}.Release|Any CPU.Build.0 = Release|Any CPU
		{40DC6DBF-CD9C-4AD2-9226-665A8700F79E}.Debug|Any CPU.ActiveCfg = Debug|Any CPU
		{40DC6DBF-CD9C-4AD2-9226-665A8700F79E}.Debug|Any CPU.Build.0 = Debug|Any CPU
		{40DC6DBF-CD9C-4AD2-9226-665A8700F79E}.Release|Any CPU.ActiveCfg = Release|Any CPU
		{40DC6DBF-CD9C-4AD2-9226-665A8700F79E}.Release|Any CPU.Build.0 = Release|Any CPU
		{1F2B5F91-F9FA-43AB-93AD-53725208E505}.Debug|Any CPU.ActiveCfg = Debug|Any CPU
		{1F2B5F91-F9FA-43AB-93AD-53725208E505}.Debug|Any CPU.Build.0 = Debug|Any CPU
		{1F2B5F91-F9FA-43AB-93AD-53725208E505}.Release|Any CPU.ActiveCfg = Release|Any CPU
		{1F2B5F91-F9FA-43AB-93AD-53725208E505}.Release|Any CPU.Build.0 = Release|Any CPU
		{1CA81803-F251-4899-B39F-12B7E9EC6BBA}.Debug|Any CPU.ActiveCfg = Debug|Any CPU
		{1CA81803-F251-4899-B39F-12B7E9EC6BBA}.Debug|Any CPU.Build.0 = Debug|Any CPU
		{1CA81803-F251-4899-B39F-12B7E9EC6BBA}.Release|Any CPU.ActiveCfg = Release|Any CPU
		{1CA81803-F251-4899-B39F-12B7E9EC6BBA}.Release|Any CPU.Build.0 = Release|Any CPU
		{6EBE6DEB-BBDA-4BDA-8B76-610540EC49AC}.Debug|Any CPU.ActiveCfg = Debug|Any CPU
		{6EBE6DEB-BBDA-4BDA-8B76-610540EC49AC}.Debug|Any CPU.Build.0 = Debug|Any CPU
		{6EBE6DEB-BBDA-4BDA-8B76-610540EC49AC}.Release|Any CPU.ActiveCfg = Release|Any CPU
		{6EBE6DEB-BBDA-4BDA-8B76-610540EC49AC}.Release|Any CPU.Build.0 = Release|Any CPU
		{B0637011-0D8D-4BEF-B1FB-94ABE1AD5B0F}.Debug|Any CPU.ActiveCfg = Debug|Any CPU
		{B0637011-0D8D-4BEF-B1FB-94ABE1AD5B0F}.Debug|Any CPU.Build.0 = Debug|Any CPU
		{B0637011-0D8D-4BEF-B1FB-94ABE1AD5B0F}.Release|Any CPU.ActiveCfg = Release|Any CPU
		{B0637011-0D8D-4BEF-B1FB-94ABE1AD5B0F}.Release|Any CPU.Build.0 = Release|Any CPU
		{84913CBD-256F-44C4-A0AB-E1B7478528C9}.Debug|Any CPU.ActiveCfg = Debug|Any CPU
		{84913CBD-256F-44C4-A0AB-E1B7478528C9}.Debug|Any CPU.Build.0 = Debug|Any CPU
		{84913CBD-256F-44C4-A0AB-E1B7478528C9}.Release|Any CPU.ActiveCfg = Release|Any CPU
		{84913CBD-256F-44C4-A0AB-E1B7478528C9}.Release|Any CPU.Build.0 = Release|Any CPU
		{175B6D97-0640-4FD1-9913-0C7A5A6C0836}.Debug|Any CPU.ActiveCfg = Debug|Any CPU
		{175B6D97-0640-4FD1-9913-0C7A5A6C0836}.Debug|Any CPU.Build.0 = Debug|Any CPU
		{175B6D97-0640-4FD1-9913-0C7A5A6C0836}.Release|Any CPU.ActiveCfg = Release|Any CPU
		{175B6D97-0640-4FD1-9913-0C7A5A6C0836}.Release|Any CPU.Build.0 = Release|Any CPU
	EndGlobalSection
	GlobalSection(SolutionProperties) = preSolution
		HideSolutionNode = FALSE
	EndGlobalSection
	GlobalSection(ExtensibilityGlobals) = postSolution
		SolutionGuid = {98A39744-F0B3-4B7E-9A59-AEE9E170F0B3}
	EndGlobalSection
EndGlobal
