
Microsoft Visual Studio Solution File, Format Version 12.00
# Visual Studio Version 17
VisualStudioVersion = 17.11.35303.130
MinimumVisualStudioVersion = 10.0.40219.1
Project("{FAE04EC0-301F-11D3-BF4B-00C04F79EFBC}") = "01_MainSubjects", "01_MainSubjects\01_MainSubjects.csproj", "{5C27BC59-B304-471C-B741-324FBF08FDE4}"
EndProject
Project("{FAE04EC0-301F-11D3-BF4B-00C04F79EFBC}") = "02_Veriables", "02_Veriables\02_Veriables.csproj", "{40DC6DBF-CD9C-4AD2-9226-665A8700F79E}"
EndProject
Global
	GlobalSection(SolutionConfigurationPlatforms) = preSolution
		Debug|Any CPU = Debug|Any CPU
		Release|Any CPU = Release|Any CPU
	EndGlobalSection
	GlobalSection(ProjectConfigurationPlatforms) = postSolution
		{5C27BC59-B304-471C-B741-324FBF08FDE4}.Debug|Any CPU.ActiveCfg = Debug|Any CPU
		{5C27BC59-B304-471C-B741-324FBF08FDE4}.Debug|Any CPU.Build.0 = Debug|Any CPU
		{5C27BC59-B304-471C-B741-324FBF08FDE4}.Release|Any CPU.ActiveCfg = Release|Any CPU
		{5C27BC59-B304-471C-B741-324FBF08FDE4}.Release|Any CPU.Build.0 = Release|Any CPU
		{40DC6DBF-CD9C-4AD2-9226-665A8700F79E}.Debug|Any CPU.ActiveCfg = Debug|Any CPU
		{40DC6DBF-CD9C-4AD2-9226-665A8700F79E}.Debug|Any CPU.Build.0 = Debug|Any CPU
		{40DC6DBF-CD9C-4AD2-9226-665A8700F79E}.Release|Any CPU.ActiveCfg = Release|Any CPU
		{40DC6DBF-CD9C-4AD2-9226-665A8700F79E}.Release|Any CPU.Build.0 = Release|Any CPU
	EndGlobalSection
	GlobalSection(SolutionProperties) = preSolution
		HideSolutionNode = FALSE
	EndGlobalSection
	GlobalSection(ExtensibilityGlobals) = postSolution
		SolutionGuid = {98A39744-F0B3-4B7E-9A59-AEE9E170F0B3}
	EndGlobalSection
EndGlobal
